
Microsoft Visual Studio Solution File, Format Version 12.00
# Visual Studio Version 17
VisualStudioVersion = 17.3.32611.2
MinimumVisualStudioVersion = 10.0.40219.1
Project("{6EC3EE1D-3C4E-46DD-8F32-0CC8E7565705}") = "Lmhm.Weather.ImageGen", "src\Lmhm.Weather.ImageGen\Lmhm.Weather.ImageGen.fsproj", "{EBA2B6B3-CA3B-4BE0-A24C-C1863A0F34FA}"
EndProject
Global
	GlobalSection(SolutionConfigurationPlatforms) = preSolution
		Debug|Any CPU = Debug|Any CPU
		Release|Any CPU = Release|Any CPU
	EndGlobalSection
	GlobalSection(ProjectConfigurationPlatforms) = postSolution
		{EBA2B6B3-CA3B-4BE0-A24C-C1863A0F34FA}.Debug|Any CPU.ActiveCfg = Debug|Any CPU
		{EBA2B6B3-CA3B-4BE0-A24C-C1863A0F34FA}.Debug|Any CPU.Build.0 = Debug|Any CPU
		{EBA2B6B3-CA3B-4BE0-A24C-C1863A0F34FA}.Release|Any CPU.ActiveCfg = Release|Any CPU
		{EBA2B6B3-CA3B-4BE0-A24C-C1863A0F34FA}.Release|Any CPU.Build.0 = Release|Any CPU
	EndGlobalSection
	GlobalSection(SolutionProperties) = preSolution
		HideSolutionNode = FALSE
	EndGlobalSection
	GlobalSection(ExtensibilityGlobals) = postSolution
		SolutionGuid = {ADE59C4E-7A04-4871-B0BC-B3AA664DCB24}
	EndGlobalSection
EndGlobal
